{
  "name": "cs-235-game-of-graphs-project",
  "version": "1.0.0",
  "lockfileVersion": 1,
  "requires": true,
  "dependencies": {
    "async": {
      "version": "2.6.0",
      "resolved": "https://registry.npmjs.org/async/-/async-2.6.0.tgz",
      "integrity": "sha512-xAfGg1/NTLBBKlHFmnd7PlmUW9KhVQIUuSrYem9xzFUZy13ScvtyGGejaae9iAVRiRq9+Cx7DPFaAAhCpyxyPw==",
      "dev": true,
      "requires": {
        "lodash": "4.17.5"
      }
    },
    "babylon": {
      "version": "7.0.0-beta.19",
      "resolved": "https://registry.npmjs.org/babylon/-/babylon-7.0.0-beta.19.tgz",
      "integrity": "sha512-Vg0C9s/REX6/WIXN37UKpv5ZhRi6A4pjHlpkE34+8/a6c2W1Q692n3hmc+SZG5lKRnaExLUbxtJ1SVT+KaCQ/A=="
    },
    "balanced-match": {
      "version": "1.0.0",
      "resolved": "https://registry.npmjs.org/balanced-match/-/balanced-match-1.0.0.tgz",
      "integrity": "sha1-ibTRmasr7kneFk6gK4nORi1xt2c="
    },
    "bluebird": {
      "version": "3.5.1",
      "resolved": "https://registry.npmjs.org/bluebird/-/bluebird-3.5.1.tgz",
      "integrity": "sha512-MKiLiV+I1AA596t9w1sQJ8jkiSr5+ZKi0WKrYGUn6d1Fx+Ij4tIj+m2WMQSGczs5jZVxV339chE8iwk6F64wjA=="
    },
    "brace-expansion": {
      "version": "1.1.11",
      "resolved": "https://registry.npmjs.org/brace-expansion/-/brace-expansion-1.1.11.tgz",
      "integrity": "sha512-iCuPHDFgrHX7H2vEI/5xpz07zSHB00TpugqhmYtVmMO6518mCuRMoOYFldEBl0g187ufozdaHgWKcYFb61qGiA==",
      "requires": {
        "balanced-match": "1.0.0",
        "concat-map": "0.0.1"
      }
    },
    "catharsis": {
      "version": "0.8.9",
      "resolved": "https://registry.npmjs.org/catharsis/-/catharsis-0.8.9.tgz",
      "integrity": "sha1-mMyJDKZS3S7w5ws3klMQ/56Q/Is=",
      "requires": {
        "underscore-contrib": "0.3.0"
      }
    },
    "check-more-types": {
      "version": "2.24.0",
      "resolved": "https://registry.npmjs.org/check-more-types/-/check-more-types-2.24.0.tgz",
      "integrity": "sha1-FCD/sQ/URNz8ebQ4kbv//TKoRgA="
    },
    "concat-map": {
      "version": "0.0.1",
      "resolved": "https://registry.npmjs.org/concat-map/-/concat-map-0.0.1.tgz",
      "integrity": "sha1-2Klr13/Wjfd5OnMDajug1UBdR3s="
    },
    "csv-load-sync": {
      "version": "1.0.0",
      "resolved": "https://registry.npmjs.org/csv-load-sync/-/csv-load-sync-1.0.0.tgz",
      "integrity": "sha1-UoXKmTrgcngI9xfab0NisbYhQgU=",
      "requires": {
        "check-more-types": "2.24.0"
      }
    },
    "csv-parse": {
      "version": "2.0.4",
      "resolved": "https://registry.npmjs.org/csv-parse/-/csv-parse-2.0.4.tgz",
      "integrity": "sha512-Kg6gTYPQQX4DcwSDFJ1DJupOjWFyzjPFxTqkPP7bVehzRENjTTUx4XuiFwVhUIFt9Z5sShaMm/ebWvcA7U0j7A==",
      "dev": true
    },
    "csvtojson": {
      "version": "1.1.9",
      "resolved": "https://registry.npmjs.org/csvtojson/-/csvtojson-1.1.9.tgz",
      "integrity": "sha1-5kGucve8L6P5qvEn4CH8iUR8HNE=",
      "requires": {
        "lodash": "4.17.5",
        "strip-bom": "1.0.0"
      }
    },
    "escape-string-regexp": {
      "version": "1.0.5",
      "resolved": "https://registry.npmjs.org/escape-string-regexp/-/escape-string-regexp-1.0.5.tgz",
      "integrity": "sha1-G2HAViGQqN/2rjuyzwIAyhMLhtQ="
    },
    "first-chunk-stream": {
      "version": "1.0.0",
      "resolved": "https://registry.npmjs.org/first-chunk-stream/-/first-chunk-stream-1.0.0.tgz",
      "integrity": "sha1-Wb+1DNkF9g18OUzT2ayqtOatk04="
    },
    "fs-sync": {
      "version": "1.0.4",
      "resolved": "https://registry.npmjs.org/fs-sync/-/fs-sync-1.0.4.tgz",
      "integrity": "sha1-L5Tq3jGGLsCp8zocJUbfsaPz0a4=",
      "requires": {
        "glob": "7.1.2",
        "iconv-lite": "0.4.19",
        "lodash": "4.17.5",
        "mkdirp": "0.5.1",
        "rimraf": "2.6.2"
      }
    },
    "fs.realpath": {
      "version": "1.0.0",
      "resolved": "https://registry.npmjs.org/fs.realpath/-/fs.realpath-1.0.0.tgz",
      "integrity": "sha1-FQStJSMVjKpA20onh8sBQRmU6k8="
    },
    "glob": {
      "version": "7.1.2",
      "resolved": "https://registry.npmjs.org/glob/-/glob-7.1.2.tgz",
      "integrity": "sha512-MJTUg1kjuLeQCJ+ccE4Vpa6kKVXkPYJ2mOCQyUuKLcLQsdrMCpBPUi8qVE6+YuaJkozeA9NusTAw3hLr8Xe5EQ==",
      "requires": {
        "fs.realpath": "1.0.0",
        "inflight": "1.0.6",
        "inherits": "2.0.3",
        "minimatch": "3.0.4",
        "once": "1.4.0",
        "path-is-absolute": "1.0.1"
      }
    },
    "graceful-fs": {
      "version": "4.1.11",
      "resolved": "https://registry.npmjs.org/graceful-fs/-/graceful-fs-4.1.11.tgz",
      "integrity": "sha1-Dovf5NHduIVNZOBOp8AOKgJuVlg="
    },
    "iconv-lite": {
      "version": "0.4.19",
      "resolved": "https://registry.npmjs.org/iconv-lite/-/iconv-lite-0.4.19.tgz",
      "integrity": "sha512-oTZqweIP51xaGPI4uPa56/Pri/480R+mo7SeU+YETByQNhDG55ycFyNLIgta9vXhILrxXDmF7ZGhqZIcuN0gJQ=="
    },
    "inflight": {
      "version": "1.0.6",
      "resolved": "https://registry.npmjs.org/inflight/-/inflight-1.0.6.tgz",
      "integrity": "sha1-Sb1jMdfQLQwJvJEKEHW6gWW1bfk=",
      "requires": {
        "once": "1.4.0",
        "wrappy": "1.0.2"
      }
    },
    "inherits": {
      "version": "2.0.3",
      "resolved": "https://registry.npmjs.org/inherits/-/inherits-2.0.3.tgz",
      "integrity": "sha1-Yzwsg+PaQqUC9SRmAiSA9CCCYd4="
    },
    "is-utf8": {
      "version": "0.2.1",
      "resolved": "https://registry.npmjs.org/is-utf8/-/is-utf8-0.2.1.tgz",
      "integrity": "sha1-Sw2hRCEE0bM2NA6AeX6GXPOffXI="
    },
    "js2xmlparser": {
      "version": "3.0.0",
      "resolved": "https://registry.npmjs.org/js2xmlparser/-/js2xmlparser-3.0.0.tgz",
      "integrity": "sha1-P7YOqgicVED5MZ9RdgzNB+JJlzM=",
      "requires": {
        "xmlcreate": "1.0.2"
      }
    },
    "jsdoc": {
      "version": "3.5.5",
      "resolved": "https://registry.npmjs.org/jsdoc/-/jsdoc-3.5.5.tgz",
      "integrity": "sha512-6PxB65TAU4WO0Wzyr/4/YhlGovXl0EVYfpKbpSroSj0qBxT4/xod/l40Opkm38dRHRdQgdeY836M0uVnJQG7kg==",
      "requires": {
        "babylon": "7.0.0-beta.19",
        "bluebird": "3.5.1",
        "catharsis": "0.8.9",
        "escape-string-regexp": "1.0.5",
        "js2xmlparser": "3.0.0",
        "klaw": "2.0.0",
        "marked": "0.3.19",
        "mkdirp": "0.5.1",
        "requizzle": "0.2.1",
        "strip-json-comments": "2.0.1",
        "taffydb": "2.6.2",
        "underscore": "1.8.3"
      }
    },
    "klaw": {
      "version": "2.0.0",
      "resolved": "https://registry.npmjs.org/klaw/-/klaw-2.0.0.tgz",
      "integrity": "sha1-WcEo4Nxc5BAgEVEZTuucv4WGUPY=",
      "requires": {
        "graceful-fs": "4.1.11"
      }
    },
    "lodash": {
      "version": "4.17.5",
      "resolved": "https://registry.npmjs.org/lodash/-/lodash-4.17.5.tgz",
      "integrity": "sha512-svL3uiZf1RwhH+cWrfZn3A4+U58wbP0tGVTLQPbjplZxZ8ROD9VLuNgsRniTlLe7OlSqR79RUehXgpBW/s0IQw=="
    },
    "marked": {
      "version": "0.3.19",
      "resolved": "https://registry.npmjs.org/marked/-/marked-0.3.19.tgz",
      "integrity": "sha512-ea2eGWOqNxPcXv8dyERdSr/6FmzvWwzjMxpfGB/sbMccXoct+xY+YukPD+QTUZwyvK7BZwcr4m21WBOW41pAkg=="
    },
    "minimatch": {
      "version": "3.0.4",
      "resolved": "https://registry.npmjs.org/minimatch/-/minimatch-3.0.4.tgz",
      "integrity": "sha512-yJHVQEhyqPLUTgt9B83PXu6W3rx4MvvHvSUvToogpwoGDOUQ+yDrR0HRot+yOCdCO7u4hX3pWft6kWBBcqh0UA==",
      "requires": {
        "brace-expansion": "1.1.11"
      }
    },
    "minimist": {
      "version": "0.0.8",
      "resolved": "https://registry.npmjs.org/minimist/-/minimist-0.0.8.tgz",
      "integrity": "sha1-hX/Kv8M5fSYluCKCYuhqp6ARsF0="
    },
    "mkdirp": {
      "version": "0.5.1",
      "resolved": "https://registry.npmjs.org/mkdirp/-/mkdirp-0.5.1.tgz",
      "integrity": "sha1-MAV0OOrGz3+MR2fzhkjWaX11yQM=",
      "requires": {
        "minimist": "0.0.8"
      }
    },
    "once": {
      "version": "1.4.0",
      "resolved": "https://registry.npmjs.org/once/-/once-1.4.0.tgz",
      "integrity": "sha1-WDsap3WWHUsROsF9nFC6753Xa9E=",
      "requires": {
        "wrappy": "1.0.2"
      }
    },
    "path-is-absolute": {
      "version": "1.0.1",
      "resolved": "https://registry.npmjs.org/path-is-absolute/-/path-is-absolute-1.0.1.tgz",
      "integrity": "sha1-F0uSaHNVNP+8es5r9TpanhtcX18="
    },
    "requizzle": {
      "version": "0.2.1",
      "resolved": "https://registry.npmjs.org/requizzle/-/requizzle-0.2.1.tgz",
      "integrity": "sha1-aUPDUwxNmn5G8c3dUcFY/GcM294=",
      "requires": {
        "underscore": "1.6.0"
      },
      "dependencies": {
        "underscore": {
          "version": "1.6.0",
          "resolved": "https://registry.npmjs.org/underscore/-/underscore-1.6.0.tgz",
          "integrity": "sha1-izixDKze9jM3uLJOT/htRa6lKag="
        }
      }
    },
    "rimraf": {
      "version": "2.6.2",
      "resolved": "https://registry.npmjs.org/rimraf/-/rimraf-2.6.2.tgz",
      "integrity": "sha512-lreewLK/BlghmxtfH36YYVg1i8IAce4TI7oao75I1g245+6BctqTVQiBP3YUJ9C6DQOXJmkYR9X9fCLtCOJc5w==",
      "requires": {
        "glob": "7.1.2"
      }
    },
    "strip-bom": {
      "version": "1.0.0",
      "resolved": "https://registry.npmjs.org/strip-bom/-/strip-bom-1.0.0.tgz",
      "integrity": "sha1-hbiGLzhEtabV7IRnqTWYFzo295Q=",
      "requires": {
        "first-chunk-stream": "1.0.0",
        "is-utf8": "0.2.1"
      }
    },
    "strip-json-comments": {
      "version": "2.0.1",
      "resolved": "https://registry.npmjs.org/strip-json-comments/-/strip-json-comments-2.0.1.tgz",
      "integrity": "sha1-PFMZQukIwml8DsNEhYwobHygpgo="
    },
    "taffydb": {
      "version": "2.6.2",
      "resolved": "https://registry.npmjs.org/taffydb/-/taffydb-2.6.2.tgz",
      "integrity": "sha1-fLy2S1oUG2ou/CxdLGe04VCyomg="
    },
    "underscore": {
      "version": "1.8.3",
      "resolved": "https://registry.npmjs.org/underscore/-/underscore-1.8.3.tgz",
      "integrity": "sha1-Tz+1OxBuYJf8+ctBCfKl6b36UCI="
    },
    "underscore-contrib": {
      "version": "0.3.0",
      "resolved": "https://registry.npmjs.org/underscore-contrib/-/underscore-contrib-0.3.0.tgz",
      "integrity": "sha1-ZltmwkeD+PorGMn4y7Dix9SMJsc=",
      "requires": {
        "underscore": "1.6.0"
      },
      "dependencies": {
        "underscore": {
          "version": "1.6.0",
          "resolved": "https://registry.npmjs.org/underscore/-/underscore-1.6.0.tgz",
          "integrity": "sha1-izixDKze9jM3uLJOT/htRa6lKag="
        }
      }
    },
    "wrappy": {
      "version": "1.0.2",
      "resolved": "https://registry.npmjs.org/wrappy/-/wrappy-1.0.2.tgz",
      "integrity": "sha1-tSQ9jz7BqjXxNkYFvA0QNuMKtp8="
    },
    "xmlcreate": {
      "version": "1.0.2",
      "resolved": "https://registry.npmjs.org/xmlcreate/-/xmlcreate-1.0.2.tgz",
      "integrity": "sha1-+mv3YqYKQT+z3Y9LA8WyaSONMI8="
    }
  }
}
